
Microsoft Visual Studio Solution File, Format Version 12.00
# Visual Studio Version 17
VisualStudioVersion = 17.3.32922.545
MinimumVisualStudioVersion = 10.0.40219.1
Project("{FAE04EC0-301F-11D3-BF4B-00C04F79EFBC}") = "Trainign", "Trainign\Trainign.csproj", "{77C2D57E-49A7-4B07-B82A-5BAA4C95D532}"
EndProject
Global
	GlobalSection(SolutionConfigurationPlatforms) = preSolution
		Debug|Any CPU = Debug|Any CPU
		Release|Any CPU = Release|Any CPU
	EndGlobalSection
	GlobalSection(ProjectConfigurationPlatforms) = postSolution
		{77C2D57E-49A7-4B07-B82A-5BAA4C95D532}.Debug|Any CPU.ActiveCfg = Debug|Any CPU
		{77C2D57E-49A7-4B07-B82A-5BAA4C95D532}.Debug|Any CPU.Build.0 = Debug|Any CPU
		{77C2D57E-49A7-4B07-B82A-5BAA4C95D532}.Release|Any CPU.ActiveCfg = Release|Any CPU
		{77C2D57E-49A7-4B07-B82A-5BAA4C95D532}.Release|Any CPU.Build.0 = Release|Any CPU
	EndGlobalSection
	GlobalSection(SolutionProperties) = preSolution
		HideSolutionNode = FALSE
	EndGlobalSection
	GlobalSection(ExtensibilityGlobals) = postSolution
		SolutionGuid = {81F77ABB-6708-411E-A0B9-706EE371EAAA}
	EndGlobalSection
EndGlobal
